
Microsoft Visual Studio Solution File, Format Version 12.00
# Visual Studio Version 16
VisualStudioVersion = 16.0.29911.84
MinimumVisualStudioVersion = 10.0.40219.1
Project("{FAE04EC0-301F-11D3-BF4B-00C04F79EFBC}") = "OkulYonetimUygulamasi", "OkulYonetimUygulamasi\OkulYonetimUygulamasi.csproj", "{3AD2758B-65C5-484E-BE03-420EF2826703}"
EndProject
Global
	GlobalSection(SolutionConfigurationPlatforms) = preSolution
		Debug|Any CPU = Debug|Any CPU
		Release|Any CPU = Release|Any CPU
	EndGlobalSection
	GlobalSection(ProjectConfigurationPlatforms) = postSolution
		{3AD2758B-65C5-484E-BE03-420EF2826703}.Debug|Any CPU.ActiveCfg = Debug|Any CPU
		{3AD2758B-65C5-484E-BE03-420EF2826703}.Debug|Any CPU.Build.0 = Debug|Any CPU
		{3AD2758B-65C5-484E-BE03-420EF2826703}.Release|Any CPU.ActiveCfg = Release|Any CPU
		{3AD2758B-65C5-484E-BE03-420EF2826703}.Release|Any CPU.Build.0 = Release|Any CPU
	EndGlobalSection
	GlobalSection(SolutionProperties) = preSolution
		HideSolutionNode = FALSE
	EndGlobalSection
	GlobalSection(ExtensibilityGlobals) = postSolution
		SolutionGuid = {BF2BFAC0-FB0F-4DD4-ABCA-98D4221C037B}
	EndGlobalSection
EndGlobal
